
Microsoft Visual Studio Solution File, Format Version 12.00
# Visual Studio 2017
Project("{FAE04EC0-301F-11D3-BF4B-00C04F79EFBC}") = "Rift-y Business", "Rift-y Business.csproj", "{A5EB7B37-259A-7395-42FB-279FC31BC0BC}"
EndProject
Project("{FAE04EC0-301F-11D3-BF4B-00C04F79EFBC}") = "Rift-y Business.Editor", "Rift-y Business.Editor.csproj", "{15EB51D3-8E59-AECB-C374-A0280B10E043}"
EndProject
Global
	GlobalSection(SolutionConfigurationPlatforms) = preSolution
		Debug|Any CPU = Debug|Any CPU
		Release|Any CPU = Release|Any CPU
	EndGlobalSection
	GlobalSection(ProjectConfigurationPlatforms) = postSolution
		{A5EB7B37-259A-7395-42FB-279FC31BC0BC}.Debug|Any CPU.ActiveCfg = Debug|Any CPU
		{A5EB7B37-259A-7395-42FB-279FC31BC0BC}.Debug|Any CPU.Build.0 = Debug|Any CPU
		{A5EB7B37-259A-7395-42FB-279FC31BC0BC}.Release|Any CPU.ActiveCfg = Release|Any CPU
		{A5EB7B37-259A-7395-42FB-279FC31BC0BC}.Release|Any CPU.Build.0 = Release|Any CPU
		{15EB51D3-8E59-AECB-C374-A0280B10E043}.Debug|Any CPU.ActiveCfg = Debug|Any CPU
		{15EB51D3-8E59-AECB-C374-A0280B10E043}.Debug|Any CPU.Build.0 = Debug|Any CPU
		{15EB51D3-8E59-AECB-C374-A0280B10E043}.Release|Any CPU.ActiveCfg = Release|Any CPU
		{15EB51D3-8E59-AECB-C374-A0280B10E043}.Release|Any CPU.Build.0 = Release|Any CPU
	EndGlobalSection
	GlobalSection(SolutionProperties) = preSolution
		HideSolutionNode = FALSE
	EndGlobalSection
EndGlobal
